
Microsoft Visual Studio Solution File, Format Version 12.00
# Visual Studio Version 17
VisualStudioVersion = 17.9.34701.34
MinimumVisualStudioVersion = 10.0.40219.1
Project("{FAE04EC0-301F-11D3-BF4B-00C04F79EFBC}") = "ControlExpertDFBPassword", "ControlExpertDFBPassword\ControlExpertDFBPassword.csproj", "{55BAB70F-664C-4BC7-8ABA-108261E6B4C3}"
EndProject
Global
	GlobalSection(SolutionConfigurationPlatforms) = preSolution
		Debug|Any CPU = Debug|Any CPU
		Release|Any CPU = Release|Any CPU
	EndGlobalSection
	GlobalSection(ProjectConfigurationPlatforms) = postSolution
		{55BAB70F-664C-4BC7-8ABA-108261E6B4C3}.Debug|Any CPU.ActiveCfg = Debug|Any CPU
		{55BAB70F-664C-4BC7-8ABA-108261E6B4C3}.Debug|Any CPU.Build.0 = Debug|Any CPU
		{55BAB70F-664C-4BC7-8ABA-108261E6B4C3}.Release|Any CPU.ActiveCfg = Release|Any CPU
		{55BAB70F-664C-4BC7-8ABA-108261E6B4C3}.Release|Any CPU.Build.0 = Release|Any CPU
	EndGlobalSection
	GlobalSection(SolutionProperties) = preSolution
		HideSolutionNode = FALSE
	EndGlobalSection
	GlobalSection(ExtensibilityGlobals) = postSolution
		SolutionGuid = {3C55A7FB-53F3-4DE8-9EE1-739F960D7D65}
	EndGlobalSection
EndGlobal
